
Microsoft Visual Studio Solution File, Format Version 12.00
# Visual Studio Version 17
VisualStudioVersion = 17.4.33213.308
MinimumVisualStudioVersion = 10.0.40219.1
Project("{FAE04EC0-301F-11D3-BF4B-00C04F79EFBC}") = "dbForm", "dbForm\dbForm.csproj", "{DA7FEBF0-A2A5-47E5-9E26-BB8104491FEE}"
EndProject
Project("{FAE04EC0-301F-11D3-BF4B-00C04F79EFBC}") = "ViewForm", "ViewForm\ViewForm.csproj", "{7DB836A9-CBDB-4618-8594-54F2A64FA496}"
EndProject
Global
	GlobalSection(SolutionConfigurationPlatforms) = preSolution
		Debug|Any CPU = Debug|Any CPU
		Release|Any CPU = Release|Any CPU
	EndGlobalSection
	GlobalSection(ProjectConfigurationPlatforms) = postSolution
		{DA7FEBF0-A2A5-47E5-9E26-BB8104491FEE}.Debug|Any CPU.ActiveCfg = Debug|Any CPU
		{DA7FEBF0-A2A5-47E5-9E26-BB8104491FEE}.Debug|Any CPU.Build.0 = Debug|Any CPU
		{DA7FEBF0-A2A5-47E5-9E26-BB8104491FEE}.Release|Any CPU.ActiveCfg = Release|Any CPU
		{DA7FEBF0-A2A5-47E5-9E26-BB8104491FEE}.Release|Any CPU.Build.0 = Release|Any CPU
		{7DB836A9-CBDB-4618-8594-54F2A64FA496}.Debug|Any CPU.ActiveCfg = Debug|Any CPU
		{7DB836A9-CBDB-4618-8594-54F2A64FA496}.Debug|Any CPU.Build.0 = Debug|Any CPU
		{7DB836A9-CBDB-4618-8594-54F2A64FA496}.Release|Any CPU.ActiveCfg = Release|Any CPU
		{7DB836A9-CBDB-4618-8594-54F2A64FA496}.Release|Any CPU.Build.0 = Release|Any CPU
	EndGlobalSection
	GlobalSection(SolutionProperties) = preSolution
		HideSolutionNode = FALSE
	EndGlobalSection
	GlobalSection(ExtensibilityGlobals) = postSolution
		SolutionGuid = {637A9EBD-1F6C-40AA-8C01-C01AB85641F9}
	EndGlobalSection
EndGlobal
